# This file is automatically @generated by Cargo.
# It is not intended for manual editing.
version = 4

[[package]]
name = "zero"
version = "0.0.1"
dependencies = [
 "zero-core",
 "zero-tui",
]

[[package]]
name = "zero-core"
version = "0.0.1"

[[package]]
name = "zero-tui"
version = "0.0.1"
dependencies = [
 "zero-core",
]
